
Microsoft Visual Studio Solution File, Format Version 12.00
# Visual Studio Version 17
VisualStudioVersion = 17.6.33815.320
MinimumVisualStudioVersion = 10.0.40219.1
Project("{FAE04EC0-301F-11D3-BF4B-00C04F79EFBC}") = "NestedObjectsLecture", "NestedObjectsLecture\NestedObjectsLecture.csproj", "{A50D0C3C-6FE6-47A5-A86C-F63625DDE93A}"
EndProject
Global
	GlobalSection(SolutionConfigurationPlatforms) = preSolution
		Debug|Any CPU = Debug|Any CPU
		Release|Any CPU = Release|Any CPU
	EndGlobalSection
	GlobalSection(ProjectConfigurationPlatforms) = postSolution
		{A50D0C3C-6FE6-47A5-A86C-F63625DDE93A}.Debug|Any CPU.ActiveCfg = Debug|Any CPU
		{A50D0C3C-6FE6-47A5-A86C-F63625DDE93A}.Debug|Any CPU.Build.0 = Debug|Any CPU
		{A50D0C3C-6FE6-47A5-A86C-F63625DDE93A}.Release|Any CPU.ActiveCfg = Release|Any CPU
		{A50D0C3C-6FE6-47A5-A86C-F63625DDE93A}.Release|Any CPU.Build.0 = Release|Any CPU
	EndGlobalSection
	GlobalSection(SolutionProperties) = preSolution
		HideSolutionNode = FALSE
	EndGlobalSection
	GlobalSection(ExtensibilityGlobals) = postSolution
		SolutionGuid = {24AE7A51-E532-48BC-B686-C3DE48D24264}
	EndGlobalSection
EndGlobal
